
Microsoft Visual Studio Solution File, Format Version 12.00
# Visual Studio Version 16
VisualStudioVersion = 16.0.29403.142
MinimumVisualStudioVersion = 10.0.40219.1
Project("{9A19103F-16F7-4668-BE54-9A1E7A4F7556}") = "basic_calculator", "practicesharp\basic_calculator.csproj", "{0DE60335-D492-4629-977B-2D74C8A9219E}"
EndProject
Global
	GlobalSection(SolutionConfigurationPlatforms) = preSolution
		Debug|Any CPU = Debug|Any CPU
		Release|Any CPU = Release|Any CPU
	EndGlobalSection
	GlobalSection(ProjectConfigurationPlatforms) = postSolution
		{0DE60335-D492-4629-977B-2D74C8A9219E}.Debug|Any CPU.ActiveCfg = Debug|Any CPU
		{0DE60335-D492-4629-977B-2D74C8A9219E}.Debug|Any CPU.Build.0 = Debug|Any CPU
		{0DE60335-D492-4629-977B-2D74C8A9219E}.Release|Any CPU.ActiveCfg = Release|Any CPU
		{0DE60335-D492-4629-977B-2D74C8A9219E}.Release|Any CPU.Build.0 = Release|Any CPU
	EndGlobalSection
	GlobalSection(SolutionProperties) = preSolution
		HideSolutionNode = FALSE
	EndGlobalSection
	GlobalSection(ExtensibilityGlobals) = postSolution
		SolutionGuid = {2F488657-775B-4E7D-B4EB-EC4605FEA936}
	EndGlobalSection
EndGlobal
